
Microsoft Visual Studio Solution File, Format Version 12.00
# Visual Studio Version 17
VisualStudioVersion = 17.0.31903.59
MinimumVisualStudioVersion = 10.0.40219.1
Project("{FAE04EC0-301F-11D3-BF4B-00C04F79EFBC}") = "Animal_Sound", "Animal_Sound\Animal_Sound.csproj", "{63F802AB-EF99-4EFB-936B-891A3009D8C9}"
EndProject
Project("{FAE04EC0-301F-11D3-BF4B-00C04F79EFBC}") = "Animal_Sound.Tests", "Animal_Sound.Tests\Animal_Sound.Tests.csproj", "{9CD41247-A950-4A3B-8D6F-7215414939E5}"
EndProject
Global
	GlobalSection(SolutionConfigurationPlatforms) = preSolution
		Debug|Any CPU = Debug|Any CPU
		Release|Any CPU = Release|Any CPU
	EndGlobalSection
	GlobalSection(SolutionProperties) = preSolution
		HideSolutionNode = FALSE
	EndGlobalSection
	GlobalSection(ProjectConfigurationPlatforms) = postSolution
		{63F802AB-EF99-4EFB-936B-891A3009D8C9}.Debug|Any CPU.ActiveCfg = Debug|Any CPU
		{63F802AB-EF99-4EFB-936B-891A3009D8C9}.Debug|Any CPU.Build.0 = Debug|Any CPU
		{63F802AB-EF99-4EFB-936B-891A3009D8C9}.Release|Any CPU.ActiveCfg = Release|Any CPU
		{63F802AB-EF99-4EFB-936B-891A3009D8C9}.Release|Any CPU.Build.0 = Release|Any CPU
		{9CD41247-A950-4A3B-8D6F-7215414939E5}.Debug|Any CPU.ActiveCfg = Debug|Any CPU
		{9CD41247-A950-4A3B-8D6F-7215414939E5}.Debug|Any CPU.Build.0 = Debug|Any CPU
		{9CD41247-A950-4A3B-8D6F-7215414939E5}.Release|Any CPU.ActiveCfg = Release|Any CPU
		{9CD41247-A950-4A3B-8D6F-7215414939E5}.Release|Any CPU.Build.0 = Release|Any CPU
	EndGlobalSection
EndGlobal
